// !$*UTF8*$!
{
	archiveVersion = 1;
	classes = {
	};
	objectVersion = 56;
	objects = {

/* Begin PBXBuildFile section */
		2212B5C32B385C15006B41EF /* AudioPreviewModel.swift in Sources */ = {isa = PBXBuildFile; fileRef = 2212B5C22B385C15006B41EF /* AudioPreviewModel.swift */; };
		2212B5C52B385C6E006B41EF /* Service.swift in Sources */ = {isa = PBXBuildFile; fileRef = 2212B5C42B385C6E006B41EF /* Service.swift */; };
		2212B5C72B385CD7006B41EF /* AudioPlayViewModel.swift in Sources */ = {isa = PBXBuildFile; fileRef = 2212B5C62B385CD7006B41EF /* AudioPlayViewModel.swift */; };
		2212B5C92B385D1A006B41EF /* Extensions.swift in Sources */ = {isa = PBXBuildFile; fileRef = 2212B5C82B385D1A006B41EF /* Extensions.swift */; };
		2212B5CB2B385D98006B41EF /* AudioBarView.swift in Sources */ = {isa = PBXBuildFile; fileRef = 2212B5CA2B385D98006B41EF /* AudioBarView.swift */; };
		2212B5CF2B3AF7CC006B41EF /* MurmrList.swift in Sources */ = {isa = PBXBuildFile; fileRef = 2212B5CE2B3AF7CC006B41EF /* MurmrList.swift */; };
		2212B5D22B3AF862006B41EF /* MurmrBlock.swift in Sources */ = {isa = PBXBuildFile; fileRef = 2212B5D12B3AF862006B41EF /* MurmrBlock.swift */; };
		2212B5D42B3AFB1F006B41EF /* MurmrItem.swift in Sources */ = {isa = PBXBuildFile; fileRef = 2212B5D32B3AFB1F006B41EF /* MurmrItem.swift */; };
		2212B5D82B3B025A006B41EF /* ColorHex.swift in Sources */ = {isa = PBXBuildFile; fileRef = 2212B5D72B3B025A006B41EF /* ColorHex.swift */; };
		223FD2B82B696BE10019075E /* Header.swift in Sources */ = {isa = PBXBuildFile; fileRef = 223FD2B72B696BE10019075E /* Header.swift */; };
		226D783B2B2F01DC00EABB37 /* MurmrApp.swift in Sources */ = {isa = PBXBuildFile; fileRef = 226D783A2B2F01DC00EABB37 /* MurmrApp.swift */; };
		226D783D2B2F01DC00EABB37 /* ContentView.swift in Sources */ = {isa = PBXBuildFile; fileRef = 226D783C2B2F01DC00EABB37 /* ContentView.swift */; };
		226D783F2B2F01DD00EABB37 /* Assets.xcassets in Resources */ = {isa = PBXBuildFile; fileRef = 226D783E2B2F01DD00EABB37 /* Assets.xcassets */; };
		226D78422B2F01DD00EABB37 /* Preview Assets.xcassets in Resources */ = {isa = PBXBuildFile; fileRef = 226D78412B2F01DD00EABB37 /* Preview Assets.xcassets */; };
		226D784C2B2F01DE00EABB37 /* murmrTests.swift in Sources */ = {isa = PBXBuildFile; fileRef = 226D784B2B2F01DE00EABB37 /* murmrTests.swift */; };
		226D78562B2F01DE00EABB37 /* murmrUITests.swift in Sources */ = {isa = PBXBuildFile; fileRef = 226D78552B2F01DE00EABB37 /* murmrUITests.swift */; };
		226D78582B2F01DE00EABB37 /* murmrUITestsLaunchTests.swift in Sources */ = {isa = PBXBuildFile; fileRef = 226D78572B2F01DE00EABB37 /* murmrUITestsLaunchTests.swift */; };
		226D78662B2F023E00EABB37 /* Auth in Frameworks */ = {isa = PBXBuildFile; productRef = 226D78652B2F023E00EABB37 /* Auth */; };
		226D78682B2F023E00EABB37 /* Functions in Frameworks */ = {isa = PBXBuildFile; productRef = 226D78672B2F023E00EABB37 /* Functions */; };
		226D786A2B2F023E00EABB37 /* PostgREST in Frameworks */ = {isa = PBXBuildFile; productRef = 226D78692B2F023E00EABB37 /* PostgREST */; };
		226D786C2B2F023E00EABB37 /* Realtime in Frameworks */ = {isa = PBXBuildFile; productRef = 226D786B2B2F023E00EABB37 /* Realtime */; };
		226D786E2B2F023E00EABB37 /* Storage in Frameworks */ = {isa = PBXBuildFile; productRef = 226D786D2B2F023E00EABB37 /* Storage */; };
		226D78702B2F023E00EABB37 /* Supabase in Frameworks */ = {isa = PBXBuildFile; productRef = 226D786F2B2F023E00EABB37 /* Supabase */; };
		22C357A82B44479500D19363 /* RecorderViewModel.swift in Sources */ = {isa = PBXBuildFile; fileRef = 22C357A72B44479500D19363 /* RecorderViewModel.swift */; };
		22C357AA2B4447B300D19363 /* Recording.swift in Sources */ = {isa = PBXBuildFile; fileRef = 22C357A92B4447B300D19363 /* Recording.swift */; };
		22C357AC2B44499900D19363 /* RecordButton.swift in Sources */ = {isa = PBXBuildFile; fileRef = 22C357AB2B44499900D19363 /* RecordButton.swift */; };
/* End PBXBuildFile section */

/* Begin PBXContainerItemProxy section */
		226D78482B2F01DE00EABB37 /* PBXContainerItemProxy */ = {
			isa = PBXContainerItemProxy;
			containerPortal = 226D782F2B2F01DC00EABB37 /* Project object */;
			proxyType = 1;
			remoteGlobalIDString = 226D78362B2F01DC00EABB37;
			remoteInfo = murmr;
		};
		226D78522B2F01DE00EABB37 /* PBXContainerItemProxy */ = {
			isa = PBXContainerItemProxy;
			containerPortal = 226D782F2B2F01DC00EABB37 /* Project object */;
			proxyType = 1;
			remoteGlobalIDString = 226D78362B2F01DC00EABB37;
			remoteInfo = murmr;
		};
/* End PBXContainerItemProxy section */

/* Begin PBXFileReference section */
		2212B5C22B385C15006B41EF /* AudioPreviewModel.swift */ = {isa = PBXFileReference; lastKnownFileType = sourcecode.swift; path = AudioPreviewModel.swift; sourceTree = "<group>"; };
		2212B5C42B385C6E006B41EF /* Service.swift */ = {isa = PBXFileReference; lastKnownFileType = sourcecode.swift; path = Service.swift; sourceTree = "<group>"; };
		2212B5C62B385CD7006B41EF /* AudioPlayViewModel.swift */ = {isa = PBXFileReference; lastKnownFileType = sourcecode.swift; path = AudioPlayViewModel.swift; sourceTree = "<group>"; };
		2212B5C82B385D1A006B41EF /* Extensions.swift */ = {isa = PBXFileReference; lastKnownFileType = sourcecode.swift; path = Extensions.swift; sourceTree = "<group>"; };
		2212B5CA2B385D98006B41EF /* AudioBarView.swift */ = {isa = PBXFileReference; lastKnownFileType = sourcecode.swift; path = AudioBarView.swift; sourceTree = "<group>"; };
		2212B5CE2B3AF7CC006B41EF /* MurmrList.swift */ = {isa = PBXFileReference; lastKnownFileType = sourcecode.swift; path = MurmrList.swift; sourceTree = "<group>"; };
		2212B5D12B3AF862006B41EF /* MurmrBlock.swift */ = {isa = PBXFileReference; lastKnownFileType = sourcecode.swift; path = MurmrBlock.swift; sourceTree = "<group>"; };
		2212B5D32B3AFB1F006B41EF /* MurmrItem.swift */ = {isa = PBXFileReference; lastKnownFileType = sourcecode.swift; path = MurmrItem.swift; sourceTree = "<group>"; };
		2212B5D72B3B025A006B41EF /* ColorHex.swift */ = {isa = PBXFileReference; lastKnownFileType = sourcecode.swift; path = ColorHex.swift; sourceTree = "<group>"; };
		223FD2B72B696BE10019075E /* Header.swift */ = {isa = PBXFileReference; lastKnownFileType = sourcecode.swift; path = Header.swift; sourceTree = "<group>"; };
		226D78372B2F01DC00EABB37 /* murmr.app */ = {isa = PBXFileReference; explicitFileType = wrapper.application; includeInIndex = 0; path = murmr.app; sourceTree = BUILT_PRODUCTS_DIR; };
		226D783A2B2F01DC00EABB37 /* MurmrApp.swift */ = {isa = PBXFileReference; lastKnownFileType = sourcecode.swift; path = MurmrApp.swift; sourceTree = "<group>"; };
		226D783C2B2F01DC00EABB37 /* ContentView.swift */ = {isa = PBXFileReference; lastKnownFileType = sourcecode.swift; path = ContentView.swift; sourceTree = "<group>"; };
		226D783E2B2F01DD00EABB37 /* Assets.xcassets */ = {isa = PBXFileReference; lastKnownFileType = folder.assetcatalog; path = Assets.xcassets; sourceTree = "<group>"; };
		226D78412B2F01DD00EABB37 /* Preview Assets.xcassets */ = {isa = PBXFileReference; lastKnownFileType = folder.assetcatalog; path = "Preview Assets.xcassets"; sourceTree = "<group>"; };
		226D78472B2F01DE00EABB37 /* murmrTests.xctest */ = {isa = PBXFileReference; explicitFileType = wrapper.cfbundle; includeInIndex = 0; path = murmrTests.xctest; sourceTree = BUILT_PRODUCTS_DIR; };
		226D784B2B2F01DE00EABB37 /* murmrTests.swift */ = {isa = PBXFileReference; lastKnownFileType = sourcecode.swift; path = murmrTests.swift; sourceTree = "<group>"; };
		226D78512B2F01DE00EABB37 /* murmrUITests.xctest */ = {isa = PBXFileReference; explicitFileType = wrapper.cfbundle; includeInIndex = 0; path = murmrUITests.xctest; sourceTree = BUILT_PRODUCTS_DIR; };
		226D78552B2F01DE00EABB37 /* murmrUITests.swift */ = {isa = PBXFileReference; lastKnownFileType = sourcecode.swift; path = murmrUITests.swift; sourceTree = "<group>"; };
		226D78572B2F01DE00EABB37 /* murmrUITestsLaunchTests.swift */ = {isa = PBXFileReference; lastKnownFileType = sourcecode.swift; path = murmrUITestsLaunchTests.swift; sourceTree = "<group>"; };
		226D78712B2F024F00EABB37 /* murmr.entitlements */ = {isa = PBXFileReference; lastKnownFileType = text.plist.entitlements; path = murmr.entitlements; sourceTree = "<group>"; };
		22C357A72B44479500D19363 /* RecorderViewModel.swift */ = {isa = PBXFileReference; lastKnownFileType = sourcecode.swift; path = RecorderViewModel.swift; sourceTree = "<group>"; };
		22C357A92B4447B300D19363 /* Recording.swift */ = {isa = PBXFileReference; lastKnownFileType = sourcecode.swift; path = Recording.swift; sourceTree = "<group>"; };
		22C357AB2B44499900D19363 /* RecordButton.swift */ = {isa = PBXFileReference; lastKnownFileType = sourcecode.swift; path = RecordButton.swift; sourceTree = "<group>"; };
/* End PBXFileReference section */

/* Begin PBXFrameworksBuildPhase section */
		226D78342B2F01DC00EABB37 /* Frameworks */ = {
			isa = PBXFrameworksBuildPhase;
			buildActionMask = 2147483647;
			files = (
				226D786A2B2F023E00EABB37 /* PostgREST in Frameworks */,
				226D78682B2F023E00EABB37 /* Functions in Frameworks */,
				226D78702B2F023E00EABB37 /* Supabase in Frameworks */,
				226D78662B2F023E00EABB37 /* Auth in Frameworks */,
				226D786E2B2F023E00EABB37 /* Storage in Frameworks */,
				226D786C2B2F023E00EABB37 /* Realtime in Frameworks */,
			);
			runOnlyForDeploymentPostprocessing = 0;
		};
		226D78442B2F01DE00EABB37 /* Frameworks */ = {
			isa = PBXFrameworksBuildPhase;
			buildActionMask = 2147483647;
			files = (
			);
			runOnlyForDeploymentPostprocessing = 0;
		};
		226D784E2B2F01DE00EABB37 /* Frameworks */ = {
			isa = PBXFrameworksBuildPhase;
			buildActionMask = 2147483647;
			files = (
			);
			runOnlyForDeploymentPostprocessing = 0;
		};
/* End PBXFrameworksBuildPhase section */

/* Begin PBXGroup section */
		2212B5C12B385C00006B41EF /* AudioVisualization */ = {
			isa = PBXGroup;
			children = (
				2212B5C22B385C15006B41EF /* AudioPreviewModel.swift */,
				2212B5C42B385C6E006B41EF /* Service.swift */,
				2212B5C62B385CD7006B41EF /* AudioPlayViewModel.swift */,
				2212B5C82B385D1A006B41EF /* Extensions.swift */,
				2212B5CA2B385D98006B41EF /* AudioBarView.swift */,
			);
			path = AudioVisualization;
			sourceTree = "<group>";
		};
		2212B5CC2B3AF71C006B41EF /* Views */ = {
			isa = PBXGroup;
			children = (
			);
			path = Views;
			sourceTree = "<group>";
		};
		2212B5CD2B3AF720006B41EF /* MurmrList */ = {
			isa = PBXGroup;
			children = (
				2212B5CE2B3AF7CC006B41EF /* MurmrList.swift */,
				2212B5D12B3AF862006B41EF /* MurmrBlock.swift */,
				2212B5D32B3AFB1F006B41EF /* MurmrItem.swift */,
			);
			path = MurmrList;
			sourceTree = "<group>";
		};
		2212B5D52B3B0245006B41EF /* Extensions */ = {
			isa = PBXGroup;
			children = (
				2212B5D72B3B025A006B41EF /* ColorHex.swift */,
			);
			path = Extensions;
			sourceTree = "<group>";
		};
		2212B5D62B3B024B006B41EF /* Services */ = {
			isa = PBXGroup;
			children = (
			);
			path = Services;
			sourceTree = "<group>";
		};
		223FD2B32B6969650019075E /* Login */ = {
			isa = PBXGroup;
			children = (
			);
			path = Login;
			sourceTree = "<group>";
		};
		223FD2B62B696BD10019075E /* Header */ = {
			isa = PBXGroup;
			children = (
				223FD2B72B696BE10019075E /* Header.swift */,
			);
			path = Header;
			sourceTree = "<group>";
		};
		226D782E2B2F01DC00EABB37 = {
			isa = PBXGroup;
			children = (
				226D78392B2F01DC00EABB37 /* murmr */,
				226D784A2B2F01DE00EABB37 /* murmrTests */,
				226D78542B2F01DE00EABB37 /* murmrUITests */,
				226D78382B2F01DC00EABB37 /* Products */,
			);
			sourceTree = "<group>";
		};
		226D78382B2F01DC00EABB37 /* Products */ = {
			isa = PBXGroup;
			children = (
				226D78372B2F01DC00EABB37 /* murmr.app */,
				226D78472B2F01DE00EABB37 /* murmrTests.xctest */,
				226D78512B2F01DE00EABB37 /* murmrUITests.xctest */,
			);
			name = Products;
			sourceTree = "<group>";
		};
		226D78392B2F01DC00EABB37 /* murmr */ = {
			isa = PBXGroup;
			children = (
				223FD2B62B696BD10019075E /* Header */,
				223FD2B32B6969650019075E /* Login */,
				22C357A62B44477A00D19363 /* Recording */,
				2212B5D62B3B024B006B41EF /* Services */,
				2212B5D52B3B0245006B41EF /* Extensions */,
				2212B5CD2B3AF720006B41EF /* MurmrList */,
				2212B5CC2B3AF71C006B41EF /* Views */,
				2212B5C12B385C00006B41EF /* AudioVisualization */,
				226D78712B2F024F00EABB37 /* murmr.entitlements */,
				226D783A2B2F01DC00EABB37 /* MurmrApp.swift */,
				226D783C2B2F01DC00EABB37 /* ContentView.swift */,
				226D783E2B2F01DD00EABB37 /* Assets.xcassets */,
				226D78402B2F01DD00EABB37 /* Preview Content */,
			);
			path = murmr;
			sourceTree = "<group>";
		};
		226D78402B2F01DD00EABB37 /* Preview Content */ = {
			isa = PBXGroup;
			children = (
				226D78412B2F01DD00EABB37 /* Preview Assets.xcassets */,
			);
			path = "Preview Content";
			sourceTree = "<group>";
		};
		226D784A2B2F01DE00EABB37 /* murmrTests */ = {
			isa = PBXGroup;
			children = (
				226D784B2B2F01DE00EABB37 /* murmrTests.swift */,
			);
			path = murmrTests;
			sourceTree = "<group>";
		};
		226D78542B2F01DE00EABB37 /* murmrUITests */ = {
			isa = PBXGroup;
			children = (
				226D78552B2F01DE00EABB37 /* murmrUITests.swift */,
				226D78572B2F01DE00EABB37 /* murmrUITestsLaunchTests.swift */,
			);
			path = murmrUITests;
			sourceTree = "<group>";
		};
		22C357A62B44477A00D19363 /* Recording */ = {
			isa = PBXGroup;
			children = (
				22C357A72B44479500D19363 /* RecorderViewModel.swift */,
				22C357A92B4447B300D19363 /* Recording.swift */,
				22C357AB2B44499900D19363 /* RecordButton.swift */,
			);
			path = Recording;
			sourceTree = "<group>";
		};
/* End PBXGroup section */

/* Begin PBXNativeTarget section */
		226D78362B2F01DC00EABB37 /* murmr */ = {
			isa = PBXNativeTarget;
			buildConfigurationList = 226D785B2B2F01DE00EABB37 /* Build configuration list for PBXNativeTarget "murmr" */;
			buildPhases = (
				226D78332B2F01DC00EABB37 /* Sources */,
				226D78342B2F01DC00EABB37 /* Frameworks */,
				226D78352B2F01DC00EABB37 /* Resources */,
			);
			buildRules = (
			);
			dependencies = (
			);
			name = murmr;
			packageProductDependencies = (
				226D78652B2F023E00EABB37 /* Auth */,
				226D78672B2F023E00EABB37 /* Functions */,
				226D78692B2F023E00EABB37 /* PostgREST */,
				226D786B2B2F023E00EABB37 /* Realtime */,
				226D786D2B2F023E00EABB37 /* Storage */,
				226D786F2B2F023E00EABB37 /* Supabase */,
			);
			productName = murmr;
			productReference = 226D78372B2F01DC00EABB37 /* murmr.app */;
			productType = "com.apple.product-type.application";
		};
		226D78462B2F01DE00EABB37 /* murmrTests */ = {
			isa = PBXNativeTarget;
			buildConfigurationList = 226D785E2B2F01DE00EABB37 /* Build configuration list for PBXNativeTarget "murmrTests" */;
			buildPhases = (
				226D78432B2F01DE00EABB37 /* Sources */,
				226D78442B2F01DE00EABB37 /* Frameworks */,
				226D78452B2F01DE00EABB37 /* Resources */,
			);
			buildRules = (
			);
			dependencies = (
				226D78492B2F01DE00EABB37 /* PBXTargetDependency */,
			);
			name = murmrTests;
			productName = murmrTests;
			productReference = 226D78472B2F01DE00EABB37 /* murmrTests.xctest */;
			productType = "com.apple.product-type.bundle.unit-test";
		};
		226D78502B2F01DE00EABB37 /* murmrUITests */ = {
			isa = PBXNativeTarget;
			buildConfigurationList = 226D78612B2F01DE00EABB37 /* Build configuration list for PBXNativeTarget "murmrUITests" */;
			buildPhases = (
				226D784D2B2F01DE00EABB37 /* Sources */,
				226D784E2B2F01DE00EABB37 /* Frameworks */,
				226D784F2B2F01DE00EABB37 /* Resources */,
			);
			buildRules = (
			);
			dependencies = (
				226D78532B2F01DE00EABB37 /* PBXTargetDependency */,
			);
			name = murmrUITests;
			productName = murmrUITests;
			productReference = 226D78512B2F01DE00EABB37 /* murmrUITests.xctest */;
			productType = "com.apple.product-type.bundle.ui-testing";
		};
/* End PBXNativeTarget section */

/* Begin PBXProject section */
		226D782F2B2F01DC00EABB37 /* Project object */ = {
			isa = PBXProject;
			attributes = {
				BuildIndependentTargetsInParallel = 1;
				LastSwiftUpdateCheck = 1500;
				LastUpgradeCheck = 1500;
				TargetAttributes = {
					226D78362B2F01DC00EABB37 = {
						CreatedOnToolsVersion = 15.0.1;
					};
					226D78462B2F01DE00EABB37 = {
						CreatedOnToolsVersion = 15.0.1;
						TestTargetID = 226D78362B2F01DC00EABB37;
					};
					226D78502B2F01DE00EABB37 = {
						CreatedOnToolsVersion = 15.0.1;
						TestTargetID = 226D78362B2F01DC00EABB37;
					};
				};
			};
			buildConfigurationList = 226D78322B2F01DC00EABB37 /* Build configuration list for PBXProject "murmr" */;
			compatibilityVersion = "Xcode 14.0";
			developmentRegion = en;
			hasScannedForEncodings = 0;
			knownRegions = (
				en,
				Base,
			);
			mainGroup = 226D782E2B2F01DC00EABB37;
			packageReferences = (
				226D78642B2F023E00EABB37 /* XCRemoteSwiftPackageReference "supabase-swift" */,
			);
			productRefGroup = 226D78382B2F01DC00EABB37 /* Products */;
			projectDirPath = "";
			projectRoot = "";
			targets = (
				226D78362B2F01DC00EABB37 /* murmr */,
				226D78462B2F01DE00EABB37 /* murmrTests */,
				226D78502B2F01DE00EABB37 /* murmrUITests */,
			);
		};
/* End PBXProject section */

/* Begin PBXResourcesBuildPhase section */
		226D78352B2F01DC00EABB37 /* Resources */ = {
			isa = PBXResourcesBuildPhase;
			buildActionMask = 2147483647;
			files = (
				226D78422B2F01DD00EABB37 /* Preview Assets.xcassets in Resources */,
				226D783F2B2F01DD00EABB37 /* Assets.xcassets in Resources */,
			);
			runOnlyForDeploymentPostprocessing = 0;
		};
		226D78452B2F01DE00EABB37 /* Resources */ = {
			isa = PBXResourcesBuildPhase;
			buildActionMask = 2147483647;
			files = (
			);
			runOnlyForDeploymentPostprocessing = 0;
		};
		226D784F2B2F01DE00EABB37 /* Resources */ = {
			isa = PBXResourcesBuildPhase;
			buildActionMask = 2147483647;
			files = (
			);
			runOnlyForDeploymentPostprocessing = 0;
		};
/* End PBXResourcesBuildPhase section */

/* Begin PBXSourcesBuildPhase section */
		226D78332B2F01DC00EABB37 /* Sources */ = {
			isa = PBXSourcesBuildPhase;
			buildActionMask = 2147483647;
			files = (
				22C357AC2B44499900D19363 /* RecordButton.swift in Sources */,
				2212B5CB2B385D98006B41EF /* AudioBarView.swift in Sources */,
				2212B5CF2B3AF7CC006B41EF /* MurmrList.swift in Sources */,
				2212B5D42B3AFB1F006B41EF /* MurmrItem.swift in Sources */,
				226D783D2B2F01DC00EABB37 /* ContentView.swift in Sources */,
				2212B5D22B3AF862006B41EF /* MurmrBlock.swift in Sources */,
				2212B5C92B385D1A006B41EF /* Extensions.swift in Sources */,
				2212B5D82B3B025A006B41EF /* ColorHex.swift in Sources */,
				22C357AA2B4447B300D19363 /* Recording.swift in Sources */,
				22C357A82B44479500D19363 /* RecorderViewModel.swift in Sources */,
				223FD2B82B696BE10019075E /* Header.swift in Sources */,
				2212B5C52B385C6E006B41EF /* Service.swift in Sources */,
				226D783B2B2F01DC00EABB37 /* MurmrApp.swift in Sources */,
				2212B5C32B385C15006B41EF /* AudioPreviewModel.swift in Sources */,
				2212B5C72B385CD7006B41EF /* AudioPlayViewModel.swift in Sources */,
			);
			runOnlyForDeploymentPostprocessing = 0;
		};
		226D78432B2F01DE00EABB37 /* Sources */ = {
			isa = PBXSourcesBuildPhase;
			buildActionMask = 2147483647;
			files = (
				226D784C2B2F01DE00EABB37 /* murmrTests.swift in Sources */,
			);
			runOnlyForDeploymentPostprocessing = 0;
		};
		226D784D2B2F01DE00EABB37 /* Sources */ = {
			isa = PBXSourcesBuildPhase;
			buildActionMask = 2147483647;
			files = (
				226D78582B2F01DE00EABB37 /* murmrUITestsLaunchTests.swift in Sources */,
				226D78562B2F01DE00EABB37 /* murmrUITests.swift in Sources */,
			);
			runOnlyForDeploymentPostprocessing = 0;
		};
/* End PBXSourcesBuildPhase section */

/* Begin PBXTargetDependency section */
		226D78492B2F01DE00EABB37 /* PBXTargetDependency */ = {
			isa = PBXTargetDependency;
			target = 226D78362B2F01DC00EABB37 /* murmr */;
			targetProxy = 226D78482B2F01DE00EABB37 /* PBXContainerItemProxy */;
		};
		226D78532B2F01DE00EABB37 /* PBXTargetDependency */ = {
			isa = PBXTargetDependency;
			target = 226D78362B2F01DC00EABB37 /* murmr */;
			targetProxy = 226D78522B2F01DE00EABB37 /* PBXContainerItemProxy */;
		};
/* End PBXTargetDependency section */

/* Begin XCBuildConfiguration section */
		226D78592B2F01DE00EABB37 /* Debug */ = {
			isa = XCBuildConfiguration;
			buildSettings = {
				ALWAYS_SEARCH_USER_PATHS = NO;
				ASSETCATALOG_COMPILER_GENERATE_SWIFT_ASSET_SYMBOL_EXTENSIONS = YES;
				CLANG_ANALYZER_NONNULL = YES;
				CLANG_ANALYZER_NUMBER_OBJECT_CONVERSION = YES_AGGRESSIVE;
				CLANG_CXX_LANGUAGE_STANDARD = "gnu++20";
				CLANG_ENABLE_MODULES = YES;
				CLANG_ENABLE_OBJC_ARC = YES;
				CLANG_ENABLE_OBJC_WEAK = YES;
				CLANG_WARN_BLOCK_CAPTURE_AUTORELEASING = YES;
				CLANG_WARN_BOOL_CONVERSION = YES;
				CLANG_WARN_COMMA = YES;
				CLANG_WARN_CONSTANT_CONVERSION = YES;
				CLANG_WARN_DEPRECATED_OBJC_IMPLEMENTATIONS = YES;
				CLANG_WARN_DIRECT_OBJC_ISA_USAGE = YES_ERROR;
				CLANG_WARN_DOCUMENTATION_COMMENTS = YES;
				CLANG_WARN_EMPTY_BODY = YES;
				CLANG_WARN_ENUM_CONVERSION = YES;
				CLANG_WARN_INFINITE_RECURSION = YES;
				CLANG_WARN_INT_CONVERSION = YES;
				CLANG_WARN_NON_LITERAL_NULL_CONVERSION = YES;
				CLANG_WARN_OBJC_IMPLICIT_RETAIN_SELF = YES;
				CLANG_WARN_OBJC_LITERAL_CONVERSION = YES;
				CLANG_WARN_OBJC_ROOT_CLASS = YES_ERROR;
				CLANG_WARN_QUOTED_INCLUDE_IN_FRAMEWORK_HEADER = YES;
				CLANG_WARN_RANGE_LOOP_ANALYSIS = YES;
				CLANG_WARN_STRICT_PROTOTYPES = YES;
				CLANG_WARN_SUSPICIOUS_MOVE = YES;
				CLANG_WARN_UNGUARDED_AVAILABILITY = YES_AGGRESSIVE;
				CLANG_WARN_UNREACHABLE_CODE = YES;
				CLANG_WARN__DUPLICATE_METHOD_MATCH = YES;
				COPY_PHASE_STRIP = NO;
				DEBUG_INFORMATION_FORMAT = dwarf;
				ENABLE_STRICT_OBJC_MSGSEND = YES;
				ENABLE_TESTABILITY = YES;
				ENABLE_USER_SCRIPT_SANDBOXING = YES;
				GCC_C_LANGUAGE_STANDARD = gnu17;
				GCC_DYNAMIC_NO_PIC = NO;
				GCC_NO_COMMON_BLOCKS = YES;
				GCC_OPTIMIZATION_LEVEL = 0;
				GCC_PREPROCESSOR_DEFINITIONS = (
					"DEBUG=1",
					"$(inherited)",
				);
				GCC_WARN_64_TO_32_BIT_CONVERSION = YES;
				GCC_WARN_ABOUT_RETURN_TYPE = YES_ERROR;
				GCC_WARN_UNDECLARED_SELECTOR = YES;
				GCC_WARN_UNINITIALIZED_AUTOS = YES_AGGRESSIVE;
				GCC_WARN_UNUSED_FUNCTION = YES;
				GCC_WARN_UNUSED_VARIABLE = YES;
				IPHONEOS_DEPLOYMENT_TARGET = 17.0;
				LOCALIZATION_PREFERS_STRING_CATALOGS = YES;
				MTL_ENABLE_DEBUG_INFO = INCLUDE_SOURCE;
				MTL_FAST_MATH = YES;
				ONLY_ACTIVE_ARCH = YES;
				SDKROOT = iphoneos;
				SWIFT_ACTIVE_COMPILATION_CONDITIONS = "DEBUG $(inherited)";
				SWIFT_OPTIMIZATION_LEVEL = "-Onone";
			};
			name = Debug;
		};
		226D785A2B2F01DE00EABB37 /* Release */ = {
			isa = XCBuildConfiguration;
			buildSettings = {
				ALWAYS_SEARCH_USER_PATHS = NO;
				ASSETCATALOG_COMPILER_GENERATE_SWIFT_ASSET_SYMBOL_EXTENSIONS = YES;
				CLANG_ANALYZER_NONNULL = YES;
				CLANG_ANALYZER_NUMBER_OBJECT_CONVERSION = YES_AGGRESSIVE;
				CLANG_CXX_LANGUAGE_STANDARD = "gnu++20";
				CLANG_ENABLE_MODULES = YES;
				CLANG_ENABLE_OBJC_ARC = YES;
				CLANG_ENABLE_OBJC_WEAK = YES;
				CLANG_WARN_BLOCK_CAPTURE_AUTORELEASING = YES;
				CLANG_WARN_BOOL_CONVERSION = YES;
				CLANG_WARN_COMMA = YES;
				CLANG_WARN_CONSTANT_CONVERSION = YES;
				CLANG_WARN_DEPRECATED_OBJC_IMPLEMENTATIONS = YES;
				CLANG_WARN_DIRECT_OBJC_ISA_USAGE = YES_ERROR;
				CLANG_WARN_DOCUMENTATION_COMMENTS = YES;
				CLANG_WARN_EMPTY_BODY = YES;
				CLANG_WARN_ENUM_CONVERSION = YES;
				CLANG_WARN_INFINITE_RECURSION = YES;
				CLANG_WARN_INT_CONVERSION = YES;
				CLANG_WARN_NON_LITERAL_NULL_CONVERSION = YES;
				CLANG_WARN_OBJC_IMPLICIT_RETAIN_SELF = YES;
				CLANG_WARN_OBJC_LITERAL_CONVERSION = YES;
				CLANG_WARN_OBJC_ROOT_CLASS = YES_ERROR;
				CLANG_WARN_QUOTED_INCLUDE_IN_FRAMEWORK_HEADER = YES;
				CLANG_WARN_RANGE_LOOP_ANALYSIS = YES;
				CLANG_WARN_STRICT_PROTOTYPES = YES;
				CLANG_WARN_SUSPICIOUS_MOVE = YES;
				CLANG_WARN_UNGUARDED_AVAILABILITY = YES_AGGRESSIVE;
				CLANG_WARN_UNREACHABLE_CODE = YES;
				CLANG_WARN__DUPLICATE_METHOD_MATCH = YES;
				COPY_PHASE_STRIP = NO;
				DEBUG_INFORMATION_FORMAT = "dwarf-with-dsym";
				ENABLE_NS_ASSERTIONS = NO;
				ENABLE_STRICT_OBJC_MSGSEND = YES;
				ENABLE_USER_SCRIPT_SANDBOXING = YES;
				GCC_C_LANGUAGE_STANDARD = gnu17;
				GCC_NO_COMMON_BLOCKS = YES;
				GCC_WARN_64_TO_32_BIT_CONVERSION = YES;
				GCC_WARN_ABOUT_RETURN_TYPE = YES_ERROR;
				GCC_WARN_UNDECLARED_SELECTOR = YES;
				GCC_WARN_UNINITIALIZED_AUTOS = YES_AGGRESSIVE;
				GCC_WARN_UNUSED_FUNCTION = YES;
				GCC_WARN_UNUSED_VARIABLE = YES;
				IPHONEOS_DEPLOYMENT_TARGET = 17.0;
				LOCALIZATION_PREFERS_STRING_CATALOGS = YES;
				MTL_ENABLE_DEBUG_INFO = NO;
				MTL_FAST_MATH = YES;
				SDKROOT = iphoneos;
				SWIFT_COMPILATION_MODE = wholemodule;
				VALIDATE_PRODUCT = YES;
			};
			name = Release;
		};
		226D785C2B2F01DE00EABB37 /* Debug */ = {
			isa = XCBuildConfiguration;
			buildSettings = {
				ASSETCATALOG_COMPILER_APPICON_NAME = AppIcon;
				ASSETCATALOG_COMPILER_GLOBAL_ACCENT_COLOR_NAME = AccentColor;
				CODE_SIGN_ENTITLEMENTS = murmr/murmr.entitlements;
				CODE_SIGN_STYLE = Automatic;
				CURRENT_PROJECT_VERSION = 1;
				DEVELOPMENT_ASSET_PATHS = "\"murmr/Preview Content\"";
				DEVELOPMENT_TEAM = UM7L666YM5;
				ENABLE_PREVIEWS = YES;
				GENERATE_INFOPLIST_FILE = YES;
				INFOPLIST_KEY_LSApplicationCategoryType = "public.app-category.lifestyle";
				INFOPLIST_KEY_NSMicrophoneUsageDescription = "Used to create your voice recordings.";
				INFOPLIST_KEY_UIApplicationSceneManifest_Generation = YES;
				INFOPLIST_KEY_UIApplicationSupportsIndirectInputEvents = YES;
				INFOPLIST_KEY_UILaunchScreen_Generation = YES;
				INFOPLIST_KEY_UIStatusBarHidden = YES;
				INFOPLIST_KEY_UISupportedInterfaceOrientations = UIInterfaceOrientationPortrait;
				IPHONEOS_DEPLOYMENT_TARGET = 16.0;
				LD_RUNPATH_SEARCH_PATHS = (
					"$(inherited)",
					"@executable_path/Frameworks",
				);
				MARKETING_VERSION = 1.0;
				PRODUCT_BUNDLE_IDENTIFIER = com.sam.murmr;
				PRODUCT_NAME = "$(TARGET_NAME)";
				SWIFT_EMIT_LOC_STRINGS = YES;
				SWIFT_VERSION = 5.0;
				TARGETED_DEVICE_FAMILY = "1,2";
			};
			name = Debug;
		};
		226D785D2B2F01DE00EABB37 /* Release */ = {
			isa = XCBuildConfiguration;
			buildSettings = {
				ASSETCATALOG_COMPILER_APPICON_NAME = AppIcon;
				ASSETCATALOG_COMPILER_GLOBAL_ACCENT_COLOR_NAME = AccentColor;
				CODE_SIGN_ENTITLEMENTS = murmr/murmr.entitlements;
				CODE_SIGN_STYLE = Automatic;
				CURRENT_PROJECT_VERSION = 1;
				DEVELOPMENT_ASSET_PATHS = "\"murmr/Preview Content\"";
				DEVELOPMENT_TEAM = UM7L666YM5;
				ENABLE_PREVIEWS = YES;
				GENERATE_INFOPLIST_FILE = YES;
				INFOPLIST_KEY_LSApplicationCategoryType = "public.app-category.lifestyle";
				INFOPLIST_KEY_NSMicrophoneUsageDescription = "Used to create your voice recordings.";
				INFOPLIST_KEY_UIApplicationSceneManifest_Generation = YES;
				INFOPLIST_KEY_UIApplicationSupportsIndirectInputEvents = YES;
				INFOPLIST_KEY_UILaunchScreen_Generation = YES;
				INFOPLIST_KEY_UIStatusBarHidden = YES;
				INFOPLIST_KEY_UISupportedInterfaceOrientations = UIInterfaceOrientationPortrait;
				IPHONEOS_DEPLOYMENT_TARGET = 16.0;
				LD_RUNPATH_SEARCH_PATHS = (
					"$(inherited)",
					"@executable_path/Frameworks",
				);
				MARKETING_VERSION = 1.0;
				PRODUCT_BUNDLE_IDENTIFIER = com.sam.murmr;
				PRODUCT_NAME = "$(TARGET_NAME)";
				SWIFT_EMIT_LOC_STRINGS = YES;
				SWIFT_VERSION = 5.0;
				TARGETED_DEVICE_FAMILY = "1,2";
			};
			name = Release;
		};
		226D785F2B2F01DE00EABB37 /* Debug */ = {
			isa = XCBuildConfiguration;
			buildSettings = {
				ALWAYS_EMBED_SWIFT_STANDARD_LIBRARIES = YES;
				BUNDLE_LOADER = "$(TEST_HOST)";
				CODE_SIGN_STYLE = Automatic;
				CURRENT_PROJECT_VERSION = 1;
				DEVELOPMENT_TEAM = UM7L666YM5;
				GENERATE_INFOPLIST_FILE = YES;
				IPHONEOS_DEPLOYMENT_TARGET = 17.0;
				MARKETING_VERSION = 1.0;
				PRODUCT_BUNDLE_IDENTIFIER = com.sam.murmrTests;
				PRODUCT_NAME = "$(TARGET_NAME)";
				SWIFT_EMIT_LOC_STRINGS = NO;
				SWIFT_VERSION = 5.0;
				TARGETED_DEVICE_FAMILY = "1,2";
				TEST_HOST = "$(BUILT_PRODUCTS_DIR)/murmr.app/$(BUNDLE_EXECUTABLE_FOLDER_PATH)/murmr";
			};
			name = Debug;
		};
		226D78602B2F01DE00EABB37 /* Release */ = {
			isa = XCBuildConfiguration;
			buildSettings = {
				ALWAYS_EMBED_SWIFT_STANDARD_LIBRARIES = YES;
				BUNDLE_LOADER = "$(TEST_HOST)";
				CODE_SIGN_STYLE = Automatic;
				CURRENT_PROJECT_VERSION = 1;
				DEVELOPMENT_TEAM = UM7L666YM5;
				GENERATE_INFOPLIST_FILE = YES;
				IPHONEOS_DEPLOYMENT_TARGET = 17.0;
				MARKETING_VERSION = 1.0;
				PRODUCT_BUNDLE_IDENTIFIER = com.sam.murmrTests;
				PRODUCT_NAME = "$(TARGET_NAME)";
				SWIFT_EMIT_LOC_STRINGS = NO;
				SWIFT_VERSION = 5.0;
				TARGETED_DEVICE_FAMILY = "1,2";
				TEST_HOST = "$(BUILT_PRODUCTS_DIR)/murmr.app/$(BUNDLE_EXECUTABLE_FOLDER_PATH)/murmr";
			};
			name = Release;
		};
		226D78622B2F01DE00EABB37 /* Debug */ = {
			isa = XCBuildConfiguration;
			buildSettings = {
				ALWAYS_EMBED_SWIFT_STANDARD_LIBRARIES = YES;
				CODE_SIGN_STYLE = Automatic;
				CURRENT_PROJECT_VERSION = 1;
				DEVELOPMENT_TEAM = UM7L666YM5;
				GENERATE_INFOPLIST_FILE = YES;
				MARKETING_VERSION = 1.0;
				PRODUCT_BUNDLE_IDENTIFIER = com.sam.murmrUITests;
				PRODUCT_NAME = "$(TARGET_NAME)";
				SWIFT_EMIT_LOC_STRINGS = NO;
				SWIFT_VERSION = 5.0;
				TARGETED_DEVICE_FAMILY = "1,2";
				TEST_TARGET_NAME = murmr;
			};
			name = Debug;
		};
		226D78632B2F01DE00EABB37 /* Release */ = {
			isa = XCBuildConfiguration;
			buildSettings = {
				ALWAYS_EMBED_SWIFT_STANDARD_LIBRARIES = YES;
				CODE_SIGN_STYLE = Automatic;
				CURRENT_PROJECT_VERSION = 1;
				DEVELOPMENT_TEAM = UM7L666YM5;
				GENERATE_INFOPLIST_FILE = YES;
				MARKETING_VERSION = 1.0;
				PRODUCT_BUNDLE_IDENTIFIER = com.sam.murmrUITests;
				PRODUCT_NAME = "$(TARGET_NAME)";
				SWIFT_EMIT_LOC_STRINGS = NO;
				SWIFT_VERSION = 5.0;
				TARGETED_DEVICE_FAMILY = "1,2";
				TEST_TARGET_NAME = murmr;
			};
			name = Release;
		};
/* End XCBuildConfiguration section */

/* Begin XCConfigurationList section */
		226D78322B2F01DC00EABB37 /* Build configuration list for PBXProject "murmr" */ = {
			isa = XCConfigurationList;
			buildConfigurations = (
				226D78592B2F01DE00EABB37 /* Debug */,
				226D785A2B2F01DE00EABB37 /* Release */,
			);
			defaultConfigurationIsVisible = 0;
			defaultConfigurationName = Release;
		};
		226D785B2B2F01DE00EABB37 /* Build configuration list for PBXNativeTarget "murmr" */ = {
			isa = XCConfigurationList;
			buildConfigurations = (
				226D785C2B2F01DE00EABB37 /* Debug */,
				226D785D2B2F01DE00EABB37 /* Release */,
			);
			defaultConfigurationIsVisible = 0;
			defaultConfigurationName = Release;
		};
		226D785E2B2F01DE00EABB37 /* Build configuration list for PBXNativeTarget "murmrTests" */ = {
			isa = XCConfigurationList;
			buildConfigurations = (
				226D785F2B2F01DE00EABB37 /* Debug */,
				226D78602B2F01DE00EABB37 /* Release */,
			);
			defaultConfigurationIsVisible = 0;
			defaultConfigurationName = Release;
		};
		226D78612B2F01DE00EABB37 /* Build configuration list for PBXNativeTarget "murmrUITests" */ = {
			isa = XCConfigurationList;
			buildConfigurations = (
				226D78622B2F01DE00EABB37 /* Debug */,
				226D78632B2F01DE00EABB37 /* Release */,
			);
			defaultConfigurationIsVisible = 0;
			defaultConfigurationName = Release;
		};
/* End XCConfigurationList section */

/* Begin XCRemoteSwiftPackageReference section */
		226D78642B2F023E00EABB37 /* XCRemoteSwiftPackageReference "supabase-swift" */ = {
			isa = XCRemoteSwiftPackageReference;
			repositoryURL = "https://github.com/supabase/supabase-swift.git";
			requirement = {
				kind = upToNextMajorVersion;
				minimumVersion = 2.0.0;
			};
		};
/* End XCRemoteSwiftPackageReference section */

/* Begin XCSwiftPackageProductDependency section */
		226D78652B2F023E00EABB37 /* Auth */ = {
			isa = XCSwiftPackageProductDependency;
			package = 226D78642B2F023E00EABB37 /* XCRemoteSwiftPackageReference "supabase-swift" */;
			productName = Auth;
		};
		226D78672B2F023E00EABB37 /* Functions */ = {
			isa = XCSwiftPackageProductDependency;
			package = 226D78642B2F023E00EABB37 /* XCRemoteSwiftPackageReference "supabase-swift" */;
			productName = Functions;
		};
		226D78692B2F023E00EABB37 /* PostgREST */ = {
			isa = XCSwiftPackageProductDependency;
			package = 226D78642B2F023E00EABB37 /* XCRemoteSwiftPackageReference "supabase-swift" */;
			productName = PostgREST;
		};
		226D786B2B2F023E00EABB37 /* Realtime */ = {
			isa = XCSwiftPackageProductDependency;
			package = 226D78642B2F023E00EABB37 /* XCRemoteSwiftPackageReference "supabase-swift" */;
			productName = Realtime;
		};
		226D786D2B2F023E00EABB37 /* Storage */ = {
			isa = XCSwiftPackageProductDependency;
			package = 226D78642B2F023E00EABB37 /* XCRemoteSwiftPackageReference "supabase-swift" */;
			productName = Storage;
		};
		226D786F2B2F023E00EABB37 /* Supabase */ = {
			isa = XCSwiftPackageProductDependency;
			package = 226D78642B2F023E00EABB37 /* XCRemoteSwiftPackageReference "supabase-swift" */;
			productName = Supabase;
		};
/* End XCSwiftPackageProductDependency section */
	};
	rootObject = 226D782F2B2F01DC00EABB37 /* Project object */;
}
